
Microsoft Visual Studio Solution File, Format Version 12.00
# Visual Studio Version 17
VisualStudioVersion = 17.7.34031.279
MinimumVisualStudioVersion = 10.0.40219.1
Project("{FAE04EC0-301F-11D3-BF4B-00C04F79EFBC}") = "Csharp_MatrixProject", "Csharp_MatrixProject\Csharp_MatrixProject.csproj", "{2AA06D6C-BAD8-4A46-8491-19CBD4D8C0A8}"
EndProject
Global
	GlobalSection(SolutionConfigurationPlatforms) = preSolution
		Debug|Any CPU = Debug|Any CPU
		Release|Any CPU = Release|Any CPU
	EndGlobalSection
	GlobalSection(ProjectConfigurationPlatforms) = postSolution
		{2AA06D6C-BAD8-4A46-8491-19CBD4D8C0A8}.Debug|Any CPU.ActiveCfg = Debug|Any CPU
		{2AA06D6C-BAD8-4A46-8491-19CBD4D8C0A8}.Debug|Any CPU.Build.0 = Debug|Any CPU
		{2AA06D6C-BAD8-4A46-8491-19CBD4D8C0A8}.Release|Any CPU.ActiveCfg = Release|Any CPU
		{2AA06D6C-BAD8-4A46-8491-19CBD4D8C0A8}.Release|Any CPU.Build.0 = Release|Any CPU
	EndGlobalSection
	GlobalSection(SolutionProperties) = preSolution
		HideSolutionNode = FALSE
	EndGlobalSection
	GlobalSection(ExtensibilityGlobals) = postSolution
		SolutionGuid = {A5687375-62BF-4675-9F46-09F70CFE22AA}
	EndGlobalSection
EndGlobal
